
Microsoft Visual Studio Solution File, Format Version 12.00
# Visual Studio Version 17
VisualStudioVersion = 17.9.34701.34
MinimumVisualStudioVersion = 10.0.40219.1
Project("{FAE04EC0-301F-11D3-BF4B-00C04F79EFBC}") = "StudentPortal.Web", "StudentPortal.Web\StudentPortal.Web.csproj", "{A673209D-81B6-43A6-80D8-008616D66652}"
EndProject
Global
	GlobalSection(SolutionConfigurationPlatforms) = preSolution
		Debug|Any CPU = Debug|Any CPU
		Release|Any CPU = Release|Any CPU
	EndGlobalSection
	GlobalSection(ProjectConfigurationPlatforms) = postSolution
		{A673209D-81B6-43A6-80D8-008616D66652}.Debug|Any CPU.ActiveCfg = Debug|Any CPU
		{A673209D-81B6-43A6-80D8-008616D66652}.Debug|Any CPU.Build.0 = Debug|Any CPU
		{A673209D-81B6-43A6-80D8-008616D66652}.Release|Any CPU.ActiveCfg = Release|Any CPU
		{A673209D-81B6-43A6-80D8-008616D66652}.Release|Any CPU.Build.0 = Release|Any CPU
	EndGlobalSection
	GlobalSection(SolutionProperties) = preSolution
		HideSolutionNode = FALSE
	EndGlobalSection
	GlobalSection(ExtensibilityGlobals) = postSolution
		SolutionGuid = {C1F61CFD-C4DD-4CC4-8ACB-25AB77136B81}
	EndGlobalSection
EndGlobal
